// !$*UTF8*$!
{
	archiveVersion = 1;
	classes = {
	};
	objectVersion = 46;
	objects = {

/* Begin PBXBuildFile section */
		7A1D1E571B7A5C3700188919 /* AudioEngine.h in Headers */ = {isa = PBXBuildFile; fileRef = 7A1D1E561B7A5C3700188919 /* AudioEngine.h */; };
		7A1D1E5A1B7A5CBD00188919 /* ParticleEngine2D.cpp in Sources */ = {isa = PBXBuildFile; fileRef = 7A1D1E591B7A5CBD00188919 /* ParticleEngine2D.cpp */; };
		7A1D1E601B7A5DD500188919 /* ParticleBatch2D.h in Headers */ = {isa = PBXBuildFile; fileRef = 7A1D1E5F1B7A5DD500188919 /* ParticleBatch2D.h */; };
		7A1D1E621B7A5E4700188919 /* ParticleBatch2D.cpp in Sources */ = {isa = PBXBuildFile; fileRef = 7A1D1E611B7A5E4700188919 /* ParticleBatch2D.cpp */; };
		7A691C261B24AA7B007FD588 /* SpriteFont.h in Headers */ = {isa = PBXBuildFile; fileRef = 7A691C251B24AA7B007FD588 /* SpriteFont.h */; };
		7A691C281B24AA85007FD588 /* SpriteFont.cpp in Sources */ = {isa = PBXBuildFile; fileRef = 7A691C271B24AA85007FD588 /* SpriteFont.cpp */; };
		7AA472571B28A3D300133F3F /* AudioEngine.cpp in Sources */ = {isa = PBXBuildFile; fileRef = 7AA472551B28A3D300133F3F /* AudioEngine.cpp */; };
		7ACD69251B14C16A00E57236 /* Camera2D.cpp in Sources */ = {isa = PBXBuildFile; fileRef = 7ACD69171B14C16A00E57236 /* Camera2D.cpp */; };
		7ACD69261B14C16A00E57236 /* GangerErrors.cpp in Sources */ = {isa = PBXBuildFile; fileRef = 7ACD69181B14C16A00E57236 /* GangerErrors.cpp */; };
		7ACD69271B14C16A00E57236 /* GangerEngine.cpp in Sources */ = {isa = PBXBuildFile; fileRef = 7ACD69191B14C16A00E57236 /* GangerEngine.cpp */; };
		7ACD69281B14C16A00E57236 /* GLSLProgram.cpp in Sources */ = {isa = PBXBuildFile; fileRef = 7ACD691A1B14C16A00E57236 /* GLSLProgram.cpp */; };
		7ACD69291B14C16A00E57236 /* ImageLoader.cpp in Sources */ = {isa = PBXBuildFile; fileRef = 7ACD691B1B14C16A00E57236 /* ImageLoader.cpp */; };
		7ACD692A1B14C16A00E57236 /* InputManager.cpp in Sources */ = {isa = PBXBuildFile; fileRef = 7ACD691C1B14C16A00E57236 /* InputManager.cpp */; };
		7ACD692B1B14C16A00E57236 /* IOManager.cpp in Sources */ = {isa = PBXBuildFile; fileRef = 7ACD691D1B14C16A00E57236 /* IOManager.cpp */; };
		7ACD692C1B14C16A00E57236 /* PicoPNG.cpp in Sources */ = {isa = PBXBuildFile; fileRef = 7ACD691E1B14C16A00E57236 /* PicoPNG.cpp */; };
		7ACD692D1B14C16A00E57236 /* ResourceManager.cpp in Sources */ = {isa = PBXBuildFile; fileRef = 7ACD691F1B14C16A00E57236 /* ResourceManager.cpp */; };
		7ACD692E1B14C16A00E57236 /* Sprite.cpp in Sources */ = {isa = PBXBuildFile; fileRef = 7ACD69201B14C16A00E57236 /* Sprite.cpp */; };
		7ACD692F1B14C16A00E57236 /* SpriteBatch.cpp in Sources */ = {isa = PBXBuildFile; fileRef = 7ACD69211B14C16A00E57236 /* SpriteBatch.cpp */; };
		7ACD69301B14C16A00E57236 /* TextureCache.cpp in Sources */ = {isa = PBXBuildFile; fileRef = 7ACD69221B14C16A00E57236 /* TextureCache.cpp */; };
		7ACD69311B14C16A00E57236 /* Timing.cpp in Sources */ = {isa = PBXBuildFile; fileRef = 7ACD69231B14C16A00E57236 /* Timing.cpp */; };
		7ACD69321B14C16A00E57236 /* Window.cpp in Sources */ = {isa = PBXBuildFile; fileRef = 7ACD69241B14C16A00E57236 /* Window.cpp */; };
		7ACD69431B14C17E00E57236 /* Camera2D.h in Headers */ = {isa = PBXBuildFile; fileRef = 7ACD69331B14C17E00E57236 /* Camera2D.h */; };
		7ACD69441B14C17E00E57236 /* GangerErrors.h in Headers */ = {isa = PBXBuildFile; fileRef = 7ACD69341B14C17E00E57236 /* GangerErrors.h */; };
		7ACD69451B14C17E00E57236 /* GangerEngine.h in Headers */ = {isa = PBXBuildFile; fileRef = 7ACD69351B14C17E00E57236 /* GangerEngine.h */; };
		7ACD69461B14C17E00E57236 /* GLSLProgram.h in Headers */ = {isa = PBXBuildFile; fileRef = 7ACD69361B14C17E00E57236 /* GLSLProgram.h */; };
		7ACD69471B14C17E00E57236 /* GLTexture.h in Headers */ = {isa = PBXBuildFile; fileRef = 7ACD69371B14C17E00E57236 /* GLTexture.h */; };
		7ACD69481B14C17E00E57236 /* ImageLoader.h in Headers */ = {isa = PBXBuildFile; fileRef = 7ACD69381B14C17E00E57236 /* ImageLoader.h */; };
		7ACD69491B14C17E00E57236 /* InputManager.h in Headers */ = {isa = PBXBuildFile; fileRef = 7ACD69391B14C17E00E57236 /* InputManager.h */; };
		7ACD694A1B14C17E00E57236 /* IOManager.h in Headers */ = {isa = PBXBuildFile; fileRef = 7ACD693A1B14C17E00E57236 /* IOManager.h */; };
		7ACD694B1B14C17E00E57236 /* PicoPNG.h in Headers */ = {isa = PBXBuildFile; fileRef = 7ACD693B1B14C17E00E57236 /* PicoPNG.h */; };
		7ACD694C1B14C17E00E57236 /* ResourceManager.h in Headers */ = {isa = PBXBuildFile; fileRef = 7ACD693C1B14C17E00E57236 /* ResourceManager.h */; };
		7ACD694D1B14C17E00E57236 /* Sprite.h in Headers */ = {isa = PBXBuildFile; fileRef = 7ACD693D1B14C17E00E57236 /* Sprite.h */; };
		7ACD694E1B14C17E00E57236 /* SpriteBatch.h in Headers */ = {isa = PBXBuildFile; fileRef = 7ACD693E1B14C17E00E57236 /* SpriteBatch.h */; };
		7ACD694F1B14C17E00E57236 /* TextureCache.h in Headers */ = {isa = PBXBuildFile; fileRef = 7ACD693F1B14C17E00E57236 /* TextureCache.h */; };
		7ACD69501B14C17E00E57236 /* Timing.h in Headers */ = {isa = PBXBuildFile; fileRef = 7ACD69401B14C17E00E57236 /* Timing.h */; };
		7ACD69511B14C17E00E57236 /* Vertex.h in Headers */ = {isa = PBXBuildFile; fileRef = 7ACD69411B14C17E00E57236 /* Vertex.h */; };
		7ACD69521B14C17E00E57236 /* Window.h in Headers */ = {isa = PBXBuildFile; fileRef = 7ACD69421B14C17E00E57236 /* Window.h */; };
/* End PBXBuildFile section */

/* Begin PBXFileReference section */
		7A1D1E561B7A5C3700188919 /* AudioEngine.h */ = {isa = PBXFileReference; fileEncoding = 4; lastKnownFileType = sourcecode.c.h; name = AudioEngine.h; path = include/GangerEngine/AudioEngine.h; sourceTree = "<group>"; };
		7A1D1E581B7A5CA100188919 /* ParticleEngine2D.h */ = {isa = PBXFileReference; lastKnownFileType = sourcecode.c.h; name = ParticleEngine2D.h; path = include/GangerEngine/ParticleEngine2D.h; sourceTree = "<group>"; };
		7A1D1E591B7A5CBD00188919 /* ParticleEngine2D.cpp */ = {isa = PBXFileReference; fileEncoding = 4; lastKnownFileType = sourcecode.cpp.cpp; name = ParticleEngine2D.cpp; path = src/ParticleEngine2D.cpp; sourceTree = "<group>"; };
		7A1D1E5F1B7A5DD500188919 /* ParticleBatch2D.h */ = {isa = PBXFileReference; fileEncoding = 4; lastKnownFileType = sourcecode.c.h; name = ParticleBatch2D.h; path = include/GangerEngine/ParticleBatch2D.h; sourceTree = "<group>"; };
		7A1D1E611B7A5E4700188919 /* ParticleBatch2D.cpp */ = {isa = PBXFileReference; fileEncoding = 4; lastKnownFileType = sourcecode.cpp.cpp; name = ParticleBatch2D.cpp; path = src/ParticleBatch2D.cpp; sourceTree = "<group>"; };
		7A691C251B24AA7B007FD588 /* SpriteFont.h */ = {isa = PBXFileReference; fileEncoding = 4; lastKnownFileType = sourcecode.c.h; name = SpriteFont.h; path = include/GangerEngine/SpriteFont.h; sourceTree = "<group>"; };
		7A691C271B24AA85007FD588 /* SpriteFont.cpp */ = {isa = PBXFileReference; fileEncoding = 4; lastKnownFileType = sourcecode.cpp.cpp; name = SpriteFont.cpp; path = src/SpriteFont.cpp; sourceTree = "<group>"; };
		7AA44D1B1B11E2FE006B53B2 /* libGangerEngine.a */ = {isa = PBXFileReference; explicitFileType = archive.ar; includeInIndex = 0; path = libGangerEngine.a; sourceTree = BUILT_PRODUCTS_DIR; };
		7AA472551B28A3D300133F3F /* AudioEngine.cpp */ = {isa = PBXFileReference; fileEncoding = 4; lastKnownFileType = sourcecode.cpp.cpp; name = AudioEngine.cpp; path = src/AudioEngine.cpp; sourceTree = "<group>"; };
		7ACD69171B14C16A00E57236 /* Camera2D.cpp */ = {isa = PBXFileReference; fileEncoding = 4; lastKnownFileType = sourcecode.cpp.cpp; name = Camera2D.cpp; path = src/Camera2D.cpp; sourceTree = "<group>"; };
		7ACD69181B14C16A00E57236 /* GangerErrors.cpp */ = {isa = PBXFileReference; fileEncoding = 4; lastKnownFileType = sourcecode.cpp.cpp; name = GangerErrors.cpp; path = src/GangerErrors.cpp; sourceTree = "<group>"; };
		7ACD69191B14C16A00E57236 /* GangerEngine.cpp */ = {isa = PBXFileReference; fileEncoding = 4; lastKnownFileType = sourcecode.cpp.cpp; name = GangerEngine.cpp; path = src/GangerEngine.cpp; sourceTree = "<group>"; };
		7ACD691A1B14C16A00E57236 /* GLSLProgram.cpp */ = {isa = PBXFileReference; fileEncoding = 4; lastKnownFileType = sourcecode.cpp.cpp; name = GLSLProgram.cpp; path = src/GLSLProgram.cpp; sourceTree = "<group>"; };
		7ACD691B1B14C16A00E57236 /* ImageLoader.cpp */ = {isa = PBXFileReference; fileEncoding = 4; lastKnownFileType = sourcecode.cpp.cpp; name = ImageLoader.cpp; path = src/ImageLoader.cpp; sourceTree = "<group>"; };
		7ACD691C1B14C16A00E57236 /* InputManager.cpp */ = {isa = PBXFileReference; fileEncoding = 4; lastKnownFileType = sourcecode.cpp.cpp; name = InputManager.cpp; path = src/InputManager.cpp; sourceTree = "<group>"; };
		7ACD691D1B14C16A00E57236 /* IOManager.cpp */ = {isa = PBXFileReference; fileEncoding = 4; lastKnownFileType = sourcecode.cpp.cpp; name = IOManager.cpp; path = src/IOManager.cpp; sourceTree = "<group>"; };
		7ACD691E1B14C16A00E57236 /* PicoPNG.cpp */ = {isa = PBXFileReference; fileEncoding = 4; lastKnownFileType = sourcecode.cpp.cpp; name = PicoPNG.cpp; path = src/PicoPNG.cpp; sourceTree = "<group>"; };
		7ACD691F1B14C16A00E57236 /* ResourceManager.cpp */ = {isa = PBXFileReference; fileEncoding = 4; lastKnownFileType = sourcecode.cpp.cpp; name = ResourceManager.cpp; path = src/ResourceManager.cpp; sourceTree = "<group>"; };
		7ACD69201B14C16A00E57236 /* Sprite.cpp */ = {isa = PBXFileReference; fileEncoding = 4; lastKnownFileType = sourcecode.cpp.cpp; name = Sprite.cpp; path = src/Sprite.cpp; sourceTree = "<group>"; };
		7ACD69211B14C16A00E57236 /* SpriteBatch.cpp */ = {isa = PBXFileReference; fileEncoding = 4; lastKnownFileType = sourcecode.cpp.cpp; name = SpriteBatch.cpp; path = src/SpriteBatch.cpp; sourceTree = "<group>"; };
		7ACD69221B14C16A00E57236 /* TextureCache.cpp */ = {isa = PBXFileReference; fileEncoding = 4; lastKnownFileType = sourcecode.cpp.cpp; name = TextureCache.cpp; path = src/TextureCache.cpp; sourceTree = "<group>"; };
		7ACD69231B14C16A00E57236 /* Timing.cpp */ = {isa = PBXFileReference; fileEncoding = 4; lastKnownFileType = sourcecode.cpp.cpp; name = Timing.cpp; path = src/Timing.cpp; sourceTree = "<group>"; };
		7ACD69241B14C16A00E57236 /* Window.cpp */ = {isa = PBXFileReference; fileEncoding = 4; lastKnownFileType = sourcecode.cpp.cpp; name = Window.cpp; path = src/Window.cpp; sourceTree = "<group>"; };
		7ACD69331B14C17E00E57236 /* Camera2D.h */ = {isa = PBXFileReference; fileEncoding = 4; lastKnownFileType = sourcecode.c.h; name = Camera2D.h; path = include/GangerEngine/Camera2D.h; sourceTree = "<group>"; };
		7ACD69341B14C17E00E57236 /* GangerErrors.h */ = {isa = PBXFileReference; fileEncoding = 4; lastKnownFileType = sourcecode.c.h; name = GangerErrors.h; path = include/GangerEngine/GangerErrors.h; sourceTree = "<group>"; };
		7ACD69351B14C17E00E57236 /* GangerEngine.h */ = {isa = PBXFileReference; fileEncoding = 4; lastKnownFileType = sourcecode.c.h; name = GangerEngine.h; path = include/GangerEngine/GangerEngine.h; sourceTree = "<group>"; };
		7ACD69361B14C17E00E57236 /* GLSLProgram.h */ = {isa = PBXFileReference; fileEncoding = 4; lastKnownFileType = sourcecode.c.h; name = GLSLProgram.h; path = include/GangerEngine/GLSLProgram.h; sourceTree = "<group>"; };
		7ACD69371B14C17E00E57236 /* GLTexture.h */ = {isa = PBXFileReference; fileEncoding = 4; lastKnownFileType = sourcecode.c.h; name = GLTexture.h; path = include/GangerEngine/GLTexture.h; sourceTree = "<group>"; };
		7ACD69381B14C17E00E57236 /* ImageLoader.h */ = {isa = PBXFileReference; fileEncoding = 4; lastKnownFileType = sourcecode.c.h; name = ImageLoader.h; path = include/GangerEngine/ImageLoader.h; sourceTree = "<group>"; };
		7ACD69391B14C17E00E57236 /* InputManager.h */ = {isa = PBXFileReference; fileEncoding = 4; lastKnownFileType = sourcecode.c.h; name = InputManager.h; path = include/GangerEngine/InputManager.h; sourceTree = "<group>"; };
		7ACD693A1B14C17E00E57236 /* IOManager.h */ = {isa = PBXFileReference; fileEncoding = 4; lastKnownFileType = sourcecode.c.h; name = IOManager.h; path = include/GangerEngine/IOManager.h; sourceTree = "<group>"; };
		7ACD693B1B14C17E00E57236 /* PicoPNG.h */ = {isa = PBXFileReference; fileEncoding = 4; lastKnownFileType = sourcecode.c.h; name = PicoPNG.h; path = include/GangerEngine/PicoPNG.h; sourceTree = "<group>"; };
		7ACD693C1B14C17E00E57236 /* ResourceManager.h */ = {isa = PBXFileReference; fileEncoding = 4; lastKnownFileType = sourcecode.c.h; name = ResourceManager.h; path = include/GangerEngine/ResourceManager.h; sourceTree = "<group>"; };
		7ACD693D1B14C17E00E57236 /* Sprite.h */ = {isa = PBXFileReference; fileEncoding = 4; lastKnownFileType = sourcecode.c.h; name = Sprite.h; path = include/GangerEngine/Sprite.h; sourceTree = "<group>"; };
		7ACD693E1B14C17E00E57236 /* SpriteBatch.h */ = {isa = PBXFileReference; fileEncoding = 4; lastKnownFileType = sourcecode.c.h; name = SpriteBatch.h; path = include/GangerEngine/SpriteBatch.h; sourceTree = "<group>"; };
		7ACD693F1B14C17E00E57236 /* TextureCache.h */ = {isa = PBXFileReference; fileEncoding = 4; lastKnownFileType = sourcecode.c.h; name = TextureCache.h; path = include/GangerEngine/TextureCache.h; sourceTree = "<group>"; };
		7ACD69401B14C17E00E57236 /* Timing.h */ = {isa = PBXFileReference; fileEncoding = 4; lastKnownFileType = sourcecode.c.h; name = Timing.h; path = include/GangerEngine/Timing.h; sourceTree = "<group>"; };
		7ACD69411B14C17E00E57236 /* Vertex.h */ = {isa = PBXFileReference; fileEncoding = 4; lastKnownFileType = sourcecode.c.h; name = Vertex.h; path = include/GangerEngine/Vertex.h; sourceTree = "<group>"; };
		7ACD69421B14C17E00E57236 /* Window.h */ = {isa = PBXFileReference; fileEncoding = 4; lastKnownFileType = sourcecode.c.h; name = Window.h; path = include/GangerEngine/Window.h; sourceTree = "<group>"; };
/* End PBXFileReference section */

/* Begin PBXFrameworksBuildPhase section */
		7AA44D181B11E2FE006B53B2 /* Frameworks */ = {
			isa = PBXFrameworksBuildPhase;
			buildActionMask = 2147483647;
			files = (
			);
			runOnlyForDeploymentPostprocessing = 0;
		};
/* End PBXFrameworksBuildPhase section */

/* Begin PBXGroup section */
		7A8CD2C61B139A9300D27DAC /* src */ = {
			isa = PBXGroup;
			children = (
				7AA472551B28A3D300133F3F /* AudioEngine.cpp */,
				7ACD69171B14C16A00E57236 /* Camera2D.cpp */,
				7ACD69191B14C16A00E57236 /* GangerEngine.cpp */,
				7ACD69181B14C16A00E57236 /* GangerErrors.cpp */,
				7ACD691A1B14C16A00E57236 /* GLSLProgram.cpp */,
				7ACD691B1B14C16A00E57236 /* ImageLoader.cpp */,
				7ACD691C1B14C16A00E57236 /* InputManager.cpp */,
				7ACD691D1B14C16A00E57236 /* IOManager.cpp */,
				7A1D1E611B7A5E4700188919 /* ParticleBatch2D.cpp */,
				7A1D1E591B7A5CBD00188919 /* ParticleEngine2D.cpp */,
				7ACD691E1B14C16A00E57236 /* PicoPNG.cpp */,
				7ACD691F1B14C16A00E57236 /* ResourceManager.cpp */,
				7ACD69201B14C16A00E57236 /* Sprite.cpp */,
				7ACD69211B14C16A00E57236 /* SpriteBatch.cpp */,
				7A691C271B24AA85007FD588 /* SpriteFont.cpp */,
				7ACD69221B14C16A00E57236 /* TextureCache.cpp */,
				7ACD69231B14C16A00E57236 /* Timing.cpp */,
				7ACD69241B14C16A00E57236 /* Window.cpp */,
			);
			name = src;
			sourceTree = "<group>";
		};
		7A8CD30B1B139CEB00D27DAC /* include */ = {
			isa = PBXGroup;
			children = (
				7A8CD30C1B139CF300D27DAC /* GangerEngine */,
			);
			name = include;
			sourceTree = "<group>";
		};
		7A8CD30C1B139CF300D27DAC /* GangerEngine */ = {
			isa = PBXGroup;
			children = (
				7A1D1E561B7A5C3700188919 /* AudioEngine.h */,
				7ACD69331B14C17E00E57236 /* Camera2D.h */,
				7ACD69351B14C17E00E57236 /* GangerEngine.h */,
				7ACD69341B14C17E00E57236 /* GangerErrors.h */,
				7ACD69361B14C17E00E57236 /* GLSLProgram.h */,
				7ACD69371B14C17E00E57236 /* GLTexture.h */,
				7ACD69381B14C17E00E57236 /* ImageLoader.h */,
				7ACD69391B14C17E00E57236 /* InputManager.h */,
				7ACD693A1B14C17E00E57236 /* IOManager.h */,
				7A1D1E5F1B7A5DD500188919 /* ParticleBatch2D.h */,
				7A1D1E581B7A5CA100188919 /* ParticleEngine2D.h */,
				7ACD693B1B14C17E00E57236 /* PicoPNG.h */,
				7ACD693C1B14C17E00E57236 /* ResourceManager.h */,
				7ACD693D1B14C17E00E57236 /* Sprite.h */,
				7ACD693E1B14C17E00E57236 /* SpriteBatch.h */,
				7A691C251B24AA7B007FD588 /* SpriteFont.h */,
				7ACD693F1B14C17E00E57236 /* TextureCache.h */,
				7ACD69401B14C17E00E57236 /* Timing.h */,
				7ACD69411B14C17E00E57236 /* Vertex.h */,
				7ACD69421B14C17E00E57236 /* Window.h */,
			);
			name = GangerEngine;
			sourceTree = "<group>";
		};
		7AA44D121B11E2FE006B53B2 = {
			isa = PBXGroup;
			children = (
				7A8CD30B1B139CEB00D27DAC /* include */,
				7A8CD2C61B139A9300D27DAC /* src */,
				7AA44D1C1B11E2FE006B53B2 /* Products */,
			);
			sourceTree = "<group>";
		};
		7AA44D1C1B11E2FE006B53B2 /* Products */ = {
			isa = PBXGroup;
			children = (
				7AA44D1B1B11E2FE006B53B2 /* libGangerEngine.a */,
			);
			name = Products;
			sourceTree = "<group>";
		};
/* End PBXGroup section */

/* Begin PBXHeadersBuildPhase section */
		7AA44D191B11E2FE006B53B2 /* Headers */ = {
			isa = PBXHeadersBuildPhase;
			buildActionMask = 2147483647;
			files = (
				7ACD694E1B14C17E00E57236 /* SpriteBatch.h in Headers */,
				7ACD69451B14C17E00E57236 /* GangerEngine.h in Headers */,
				7ACD69501B14C17E00E57236 /* Timing.h in Headers */,
				7ACD69481B14C17E00E57236 /* ImageLoader.h in Headers */,
				7ACD694D1B14C17E00E57236 /* Sprite.h in Headers */,
				7A1D1E601B7A5DD500188919 /* ParticleBatch2D.h in Headers */,
				7ACD694C1B14C17E00E57236 /* ResourceManager.h in Headers */,
				7ACD69521B14C17E00E57236 /* Window.h in Headers */,
				7ACD69461B14C17E00E57236 /* GLSLProgram.h in Headers */,
				7ACD694B1B14C17E00E57236 /* PicoPNG.h in Headers */,
				7ACD694F1B14C17E00E57236 /* TextureCache.h in Headers */,
				7ACD69431B14C17E00E57236 /* Camera2D.h in Headers */,
				7A691C261B24AA7B007FD588 /* SpriteFont.h in Headers */,
				7ACD694A1B14C17E00E57236 /* IOManager.h in Headers */,
				7ACD69441B14C17E00E57236 /* GangerErrors.h in Headers */,
				7ACD69511B14C17E00E57236 /* Vertex.h in Headers */,
				7A1D1E571B7A5C3700188919 /* AudioEngine.h in Headers */,
				7ACD69471B14C17E00E57236 /* GLTexture.h in Headers */,
				7ACD69491B14C17E00E57236 /* InputManager.h in Headers */,
			);
			runOnlyForDeploymentPostprocessing = 0;
		};
/* End PBXHeadersBuildPhase section */

/* Begin PBXNativeTarget section */
		7AA44D1A1B11E2FE006B53B2 /* GangerEngine */ = {
			isa = PBXNativeTarget;
			buildConfigurationList = 7AA44D1F1B11E2FE006B53B2 /* Build configuration list for PBXNativeTarget "GangerEngine" */;
			buildPhases = (
				7AA44D171B11E2FE006B53B2 /* Sources */,
				7AA44D181B11E2FE006B53B2 /* Frameworks */,
				7AA44D191B11E2FE006B53B2 /* Headers */,
			);
			buildRules = (
			);
			dependencies = (
			);
			name = GangerEngine;
			productName = GangerEngine;
			productReference = 7AA44D1B1B11E2FE006B53B2 /* libGangerEngine.a */;
			productType = "com.apple.product-type.library.static";
		};
/* End PBXNativeTarget section */

/* Begin PBXProject section */
		7AA44D131B11E2FE006B53B2 /* Project object */ = {
			isa = PBXProject;
			attributes = {
				LastUpgradeCheck = 0640;
				ORGANIZATIONNAME = "Ganger Games";
				TargetAttributes = {
					7AA44D1A1B11E2FE006B53B2 = {
						CreatedOnToolsVersion = 6.3.2;
					};
				};
			};
			buildConfigurationList = 7AA44D161B11E2FE006B53B2 /* Build configuration list for PBXProject "GangerEngine" */;
			compatibilityVersion = "Xcode 3.2";
			developmentRegion = English;
			hasScannedForEncodings = 0;
			knownRegions = (
				en,
			);
			mainGroup = 7AA44D121B11E2FE006B53B2;
			productRefGroup = 7AA44D1C1B11E2FE006B53B2 /* Products */;
			projectDirPath = "";
			projectRoot = "";
			targets = (
				7AA44D1A1B11E2FE006B53B2 /* GangerEngine */,
			);
		};
/* End PBXProject section */

/* Begin PBXSourcesBuildPhase section */
		7AA44D171B11E2FE006B53B2 /* Sources */ = {
			isa = PBXSourcesBuildPhase;
			buildActionMask = 2147483647;
			files = (
				7ACD69261B14C16A00E57236 /* GangerErrors.cpp in Sources */,
				7A691C281B24AA85007FD588 /* SpriteFont.cpp in Sources */,
				7ACD69251B14C16A00E57236 /* Camera2D.cpp in Sources */,
				7ACD69311B14C16A00E57236 /* Timing.cpp in Sources */,
				7ACD69301B14C16A00E57236 /* TextureCache.cpp in Sources */,
				7ACD692E1B14C16A00E57236 /* Sprite.cpp in Sources */,
				7ACD692A1B14C16A00E57236 /* InputManager.cpp in Sources */,
				7ACD69291B14C16A00E57236 /* ImageLoader.cpp in Sources */,
				7A1D1E5A1B7A5CBD00188919 /* ParticleEngine2D.cpp in Sources */,
				7AA472571B28A3D300133F3F /* AudioEngine.cpp in Sources */,
				7ACD69321B14C16A00E57236 /* Window.cpp in Sources */,
				7ACD692C1B14C16A00E57236 /* PicoPNG.cpp in Sources */,
				7ACD69281B14C16A00E57236 /* GLSLProgram.cpp in Sources */,
				7ACD692B1B14C16A00E57236 /* IOManager.cpp in Sources */,
				7ACD692F1B14C16A00E57236 /* SpriteBatch.cpp in Sources */,
				7ACD69271B14C16A00E57236 /* GangerEngine.cpp in Sources */,
				7A1D1E621B7A5E4700188919 /* ParticleBatch2D.cpp in Sources */,
				7ACD692D1B14C16A00E57236 /* ResourceManager.cpp in Sources */,
			);
			runOnlyForDeploymentPostprocessing = 0;
		};
/* End PBXSourcesBuildPhase section */

/* Begin XCBuildConfiguration section */
		7AA44D1D1B11E2FE006B53B2 /* Debug */ = {
			isa = XCBuildConfiguration;
			buildSettings = {
				ALWAYS_SEARCH_USER_PATHS = NO;
				CLANG_CXX_LANGUAGE_STANDARD = "gnu++0x";
				CLANG_CXX_LIBRARY = "libc++";
				CLANG_ENABLE_MODULES = YES;
				CLANG_ENABLE_OBJC_ARC = YES;
				CLANG_WARN_BOOL_CONVERSION = YES;
				CLANG_WARN_CONSTANT_CONVERSION = YES;
				CLANG_WARN_DIRECT_OBJC_ISA_USAGE = YES_ERROR;
				CLANG_WARN_EMPTY_BODY = YES;
				CLANG_WARN_ENUM_CONVERSION = YES;
				CLANG_WARN_INT_CONVERSION = YES;
				CLANG_WARN_OBJC_ROOT_CLASS = YES_ERROR;
				CLANG_WARN_UNREACHABLE_CODE = YES;
				CLANG_WARN__DUPLICATE_METHOD_MATCH = YES;
				COPY_PHASE_STRIP = NO;
				DEBUG_INFORMATION_FORMAT = dwarf;
				ENABLE_STRICT_OBJC_MSGSEND = YES;
				GCC_C_LANGUAGE_STANDARD = gnu99;
				GCC_DYNAMIC_NO_PIC = NO;
				GCC_NO_COMMON_BLOCKS = YES;
				GCC_OPTIMIZATION_LEVEL = 0;
				GCC_PREPROCESSOR_DEFINITIONS = (
					"DEBUG=1",
					"$(inherited)",
				);
				GCC_SYMBOLS_PRIVATE_EXTERN = NO;
				GCC_WARN_64_TO_32_BIT_CONVERSION = YES;
				GCC_WARN_ABOUT_RETURN_TYPE = YES_ERROR;
				GCC_WARN_UNDECLARED_SELECTOR = YES;
				GCC_WARN_UNINITIALIZED_AUTOS = YES_AGGRESSIVE;
				GCC_WARN_UNUSED_FUNCTION = YES;
				GCC_WARN_UNUSED_VARIABLE = YES;
				MACOSX_DEPLOYMENT_TARGET = 10.10;
				MTL_ENABLE_DEBUG_INFO = YES;
				ONLY_ACTIVE_ARCH = YES;
				SDKROOT = macosx;
			};
			name = Debug;
		};
		7AA44D1E1B11E2FE006B53B2 /* Release */ = {
			isa = XCBuildConfiguration;
			buildSettings = {
				ALWAYS_SEARCH_USER_PATHS = NO;
				CLANG_CXX_LANGUAGE_STANDARD = "gnu++0x";
				CLANG_CXX_LIBRARY = "libc++";
				CLANG_ENABLE_MODULES = YES;
				CLANG_ENABLE_OBJC_ARC = YES;
				CLANG_WARN_BOOL_CONVERSION = YES;
				CLANG_WARN_CONSTANT_CONVERSION = YES;
				CLANG_WARN_DIRECT_OBJC_ISA_USAGE = YES_ERROR;
				CLANG_WARN_EMPTY_BODY = YES;
				CLANG_WARN_ENUM_CONVERSION = YES;
				CLANG_WARN_INT_CONVERSION = YES;
				CLANG_WARN_OBJC_ROOT_CLASS = YES_ERROR;
				CLANG_WARN_UNREACHABLE_CODE = YES;
				CLANG_WARN__DUPLICATE_METHOD_MATCH = YES;
				COPY_PHASE_STRIP = NO;
				DEBUG_INFORMATION_FORMAT = "dwarf-with-dsym";
				ENABLE_NS_ASSERTIONS = NO;
				ENABLE_STRICT_OBJC_MSGSEND = YES;
				GCC_C_LANGUAGE_STANDARD = gnu99;
				GCC_NO_COMMON_BLOCKS = YES;
				GCC_WARN_64_TO_32_BIT_CONVERSION = YES;
				GCC_WARN_ABOUT_RETURN_TYPE = YES_ERROR;
				GCC_WARN_UNDECLARED_SELECTOR = YES;
				GCC_WARN_UNINITIALIZED_AUTOS = YES_AGGRESSIVE;
				GCC_WARN_UNUSED_FUNCTION = YES;
				GCC_WARN_UNUSED_VARIABLE = YES;
				MACOSX_DEPLOYMENT_TARGET = 10.10;
				MTL_ENABLE_DEBUG_INFO = NO;
				SDKROOT = macosx;
			};
			name = Release;
		};
		7AA44D201B11E2FE006B53B2 /* Debug */ = {
			isa = XCBuildConfiguration;
			buildSettings = {
				COMBINE_HIDPI_IMAGES = YES;
				EXECUTABLE_PREFIX = lib;
				FRAMEWORK_SEARCH_PATHS = (
					"$(inherited)",
					"$(LOCAL_LIBRARY_DIR)/Frameworks",
					"$(PROJECT_DIR)/deps/lib/SDL",
					/Users/Reisor/Dropbox/Mac/OSX/GangerEngine/deps/lib/SDL,
				);
				GCC_C_LANGUAGE_STANDARD = gnu99;
				HEADER_SEARCH_PATHS = (
					"$(inherited)",
					/Applications/Xcode.app/Contents/Developer/Toolchains/XcodeDefault.xctoolchain/usr/include,
					include/,
					../deps/include/,
				);
				LIBRARY_SEARCH_PATHS = (
					../deps/lib/glew/,
					/Users/Reisor/Dropbox/Mac/OSX/GangerEngine/deps/lib/glew,
				);
				OTHER_LDFLAGS = "-lGLEW";
				PRODUCT_NAME = "$(TARGET_NAME)";
				SDKROOT = macosx;
			};
			name = Debug;
		};
		7AA44D211B11E2FE006B53B2 /* Release */ = {
			isa = XCBuildConfiguration;
			buildSettings = {
				COMBINE_HIDPI_IMAGES = YES;
				EXECUTABLE_PREFIX = lib;
				FRAMEWORK_SEARCH_PATHS = (
					"$(inherited)",
					"$(LOCAL_LIBRARY_DIR)/Frameworks",
					"$(PROJECT_DIR)/deps/lib/SDL",
					/Users/Reisor/Dropbox/Mac/OSX/GangerEngine/deps/lib/SDL,
				);
				GCC_C_LANGUAGE_STANDARD = gnu99;
				HEADER_SEARCH_PATHS = (
					"$(inherited)",
					/Applications/Xcode.app/Contents/Developer/Toolchains/XcodeDefault.xctoolchain/usr/include,
					include/,
					../deps/include/,
				);
				LIBRARY_SEARCH_PATHS = (
					../deps/lib/glew/,
					/Users/Reisor/Dropbox/Mac/OSX/GangerEngine/deps/lib/glew,
				);
				OTHER_LDFLAGS = "-lGLEW";
				PRODUCT_NAME = "$(TARGET_NAME)";
				SDKROOT = macosx;
			};
			name = Release;
		};
/* End XCBuildConfiguration section */

/* Begin XCConfigurationList section */
		7AA44D161B11E2FE006B53B2 /* Build configuration list for PBXProject "GangerEngine" */ = {
			isa = XCConfigurationList;
			buildConfigurations = (
				7AA44D1D1B11E2FE006B53B2 /* Debug */,
				7AA44D1E1B11E2FE006B53B2 /* Release */,
			);
			defaultConfigurationIsVisible = 0;
			defaultConfigurationName = Release;
		};
		7AA44D1F1B11E2FE006B53B2 /* Build configuration list for PBXNativeTarget "GangerEngine" */ = {
			isa = XCConfigurationList;
			buildConfigurations = (
				7AA44D201B11E2FE006B53B2 /* Debug */,
				7AA44D211B11E2FE006B53B2 /* Release */,
			);
			defaultConfigurationIsVisible = 0;
			defaultConfigurationName = Release;
		};
/* End XCConfigurationList section */
	};
	rootObject = 7AA44D131B11E2FE006B53B2 /* Project object */;
}
